// !$*UTF8*$!
{
	archiveVersion = 1;
	classes = {
	};
	objectVersion = 46;
	objects = {

/* Begin PBXBuildFile section */
		152C60931AD9CB680007926C /* AppDelegate.swift in Sources */ = {isa = PBXBuildFile; fileRef = 152C60921AD9CB680007926C /* AppDelegate.swift */; };
		152C609A1AD9CB680007926C /* Main.storyboard in Resources */ = {isa = PBXBuildFile; fileRef = 152C60981AD9CB680007926C /* Main.storyboard */; };
		152C609C1AD9CB680007926C /* Images.xcassets in Resources */ = {isa = PBXBuildFile; fileRef = 152C609B1AD9CB680007926C /* Images.xcassets */; };
		152C609F1AD9CB680007926C /* LaunchScreen.xib in Resources */ = {isa = PBXBuildFile; fileRef = 152C609D1AD9CB680007926C /* LaunchScreen.xib */; };
		152C60AB1AD9CB680007926C /* Transient_WatchTests.swift in Sources */ = {isa = PBXBuildFile; fileRef = 152C60AA1AD9CB680007926C /* Transient_WatchTests.swift */; };
		153B2F761AD9F8D0005BE12A /* ViewController_News.swift in Sources */ = {isa = PBXBuildFile; fileRef = 153B2F751AD9F8D0005BE12A /* ViewController_News.swift */; };
		153B2F791AD9F8EC005BE12A /* ViewController_Info.swift in Sources */ = {isa = PBXBuildFile; fileRef = 153B2F781AD9F8EC005BE12A /* ViewController_Info.swift */; };
		153B2F7B1AD9F8FA005BE12A /* ViewController_SkyMap.swift in Sources */ = {isa = PBXBuildFile; fileRef = 153B2F7A1AD9F8FA005BE12A /* ViewController_SkyMap.swift */; };
		153B2F7D1AD9FAFA005BE12A /* ViewController_Events.swift in Sources */ = {isa = PBXBuildFile; fileRef = 153B2F7C1AD9FAFA005BE12A /* ViewController_Events.swift */; };
		15CEFB8E1ADA3CB900F9DA1E /* TwitterKit.framework in Frameworks */ = {isa = PBXBuildFile; fileRef = 15CEFB8B1ADA3CB900F9DA1E /* TwitterKit.framework */; };
		15CEFB8F1ADA3CB900F9DA1E /* TwitterKitResources.bundle in Resources */ = {isa = PBXBuildFile; fileRef = 15CEFB8C1ADA3CB900F9DA1E /* TwitterKitResources.bundle */; };
		15CEFB901ADA3CB900F9DA1E /* Fabric.framework in Frameworks */ = {isa = PBXBuildFile; fileRef = 15CEFB8D1ADA3CB900F9DA1E /* Fabric.framework */; };
		F94303C21ADB27CE0060B825 /* CoreMotion.framework in Frameworks */ = {isa = PBXBuildFile; fileRef = F94303C11ADB27CE0060B825 /* CoreMotion.framework */; };
		F9D3280B1ADAE7BA00B6E197 /* AVFoundation.framework in Frameworks */ = {isa = PBXBuildFile; fileRef = F9D3280A1ADAE7BA00B6E197 /* AVFoundation.framework */; };
		F9D3280D1ADAE8D300B6E197 /* AssetsLibrary.framework in Frameworks */ = {isa = PBXBuildFile; fileRef = F9D3280C1ADAE8D300B6E197 /* AssetsLibrary.framework */; };
		F9D3280F1ADAE8DA00B6E197 /* CoreMedia.framework in Frameworks */ = {isa = PBXBuildFile; fileRef = F9D3280E1ADAE8DA00B6E197 /* CoreMedia.framework */; };
		F9D328111ADAE8E000B6E197 /* MediaPlayer.framework in Frameworks */ = {isa = PBXBuildFile; fileRef = F9D328101ADAE8E000B6E197 /* MediaPlayer.framework */; };
		F9D328131ADAE8E900B6E197 /* MobileCoreServices.framework in Frameworks */ = {isa = PBXBuildFile; fileRef = F9D328121ADAE8E900B6E197 /* MobileCoreServices.framework */; };
		F9D328151ADAE8F200B6E197 /* QuartzCore.framework in Frameworks */ = {isa = PBXBuildFile; fileRef = F9D328141ADAE8F200B6E197 /* QuartzCore.framework */; };
		F9D328171ADB048C00B6E197 /* CoreLocation.framework in Frameworks */ = {isa = PBXBuildFile; fileRef = F9D328161ADB048C00B6E197 /* CoreLocation.framework */; };
/* End PBXBuildFile section */

/* Begin PBXContainerItemProxy section */
		152C60A51AD9CB680007926C /* PBXContainerItemProxy */ = {
			isa = PBXContainerItemProxy;
			containerPortal = 152C60851AD9CB680007926C /* Project object */;
			proxyType = 1;
			remoteGlobalIDString = 152C608C1AD9CB680007926C;
			remoteInfo = "Transient Watch";
		};
/* End PBXContainerItemProxy section */

/* Begin PBXFileReference section */
		152C608D1AD9CB680007926C /* Transient Watch.app */ = {isa = PBXFileReference; explicitFileType = wrapper.application; includeInIndex = 0; path = "Transient Watch.app"; sourceTree = BUILT_PRODUCTS_DIR; };
		152C60911AD9CB680007926C /* Info.plist */ = {isa = PBXFileReference; lastKnownFileType = text.plist.xml; path = Info.plist; sourceTree = "<group>"; };
		152C60921AD9CB680007926C /* AppDelegate.swift */ = {isa = PBXFileReference; lastKnownFileType = sourcecode.swift; path = AppDelegate.swift; sourceTree = "<group>"; };
		152C60991AD9CB680007926C /* Base */ = {isa = PBXFileReference; lastKnownFileType = file.storyboard; name = Base; path = Base.lproj/Main.storyboard; sourceTree = "<group>"; };
		152C609B1AD9CB680007926C /* Images.xcassets */ = {isa = PBXFileReference; lastKnownFileType = folder.assetcatalog; path = Images.xcassets; sourceTree = "<group>"; };
		152C609E1AD9CB680007926C /* Base */ = {isa = PBXFileReference; lastKnownFileType = file.xib; name = Base; path = Base.lproj/LaunchScreen.xib; sourceTree = "<group>"; };
		152C60A41AD9CB680007926C /* Transient WatchTests.xctest */ = {isa = PBXFileReference; explicitFileType = wrapper.cfbundle; includeInIndex = 0; path = "Transient WatchTests.xctest"; sourceTree = BUILT_PRODUCTS_DIR; };
		152C60A91AD9CB680007926C /* Info.plist */ = {isa = PBXFileReference; lastKnownFileType = text.plist.xml; path = Info.plist; sourceTree = "<group>"; };
		152C60AA1AD9CB680007926C /* Transient_WatchTests.swift */ = {isa = PBXFileReference; lastKnownFileType = sourcecode.swift; path = Transient_WatchTests.swift; sourceTree = "<group>"; };
		153B2F751AD9F8D0005BE12A /* ViewController_News.swift */ = {isa = PBXFileReference; fileEncoding = 4; lastKnownFileType = sourcecode.swift; path = ViewController_News.swift; sourceTree = "<group>"; };
		153B2F781AD9F8EC005BE12A /* ViewController_Info.swift */ = {isa = PBXFileReference; fileEncoding = 4; lastKnownFileType = sourcecode.swift; path = ViewController_Info.swift; sourceTree = "<group>"; };
		153B2F7A1AD9F8FA005BE12A /* ViewController_SkyMap.swift */ = {isa = PBXFileReference; fileEncoding = 4; lastKnownFileType = sourcecode.swift; path = ViewController_SkyMap.swift; sourceTree = "<group>"; };
		153B2F7C1AD9FAFA005BE12A /* ViewController_Events.swift */ = {isa = PBXFileReference; fileEncoding = 4; lastKnownFileType = sourcecode.swift; path = ViewController_Events.swift; sourceTree = "<group>"; };
		15CEFB8B1ADA3CB900F9DA1E /* TwitterKit.framework */ = {isa = PBXFileReference; lastKnownFileType = wrapper.framework; path = TwitterKit.framework; sourceTree = "<group>"; };
		15CEFB8C1ADA3CB900F9DA1E /* TwitterKitResources.bundle */ = {isa = PBXFileReference; lastKnownFileType = "wrapper.plug-in"; name = TwitterKitResources.bundle; path = TwitterKit.framework/Versions/A/Resources/TwitterKitResources.bundle; sourceTree = "<group>"; };
		15CEFB8D1ADA3CB900F9DA1E /* Fabric.framework */ = {isa = PBXFileReference; lastKnownFileType = wrapper.framework; path = Fabric.framework; sourceTree = "<group>"; };
		F94303C11ADB27CE0060B825 /* CoreMotion.framework */ = {isa = PBXFileReference; lastKnownFileType = wrapper.framework; name = CoreMotion.framework; path = System/Library/Frameworks/CoreMotion.framework; sourceTree = SDKROOT; };
		F9D3280A1ADAE7BA00B6E197 /* AVFoundation.framework */ = {isa = PBXFileReference; lastKnownFileType = wrapper.framework; name = AVFoundation.framework; path = System/Library/Frameworks/AVFoundation.framework; sourceTree = SDKROOT; };
		F9D3280C1ADAE8D300B6E197 /* AssetsLibrary.framework */ = {isa = PBXFileReference; lastKnownFileType = wrapper.framework; name = AssetsLibrary.framework; path = System/Library/Frameworks/AssetsLibrary.framework; sourceTree = SDKROOT; };
		F9D3280E1ADAE8DA00B6E197 /* CoreMedia.framework */ = {isa = PBXFileReference; lastKnownFileType = wrapper.framework; name = CoreMedia.framework; path = System/Library/Frameworks/CoreMedia.framework; sourceTree = SDKROOT; };
		F9D328101ADAE8E000B6E197 /* MediaPlayer.framework */ = {isa = PBXFileReference; lastKnownFileType = wrapper.framework; name = MediaPlayer.framework; path = System/Library/Frameworks/MediaPlayer.framework; sourceTree = SDKROOT; };
		F9D328121ADAE8E900B6E197 /* MobileCoreServices.framework */ = {isa = PBXFileReference; lastKnownFileType = wrapper.framework; name = MobileCoreServices.framework; path = System/Library/Frameworks/MobileCoreServices.framework; sourceTree = SDKROOT; };
		F9D328141ADAE8F200B6E197 /* QuartzCore.framework */ = {isa = PBXFileReference; lastKnownFileType = wrapper.framework; name = QuartzCore.framework; path = System/Library/Frameworks/QuartzCore.framework; sourceTree = SDKROOT; };
		F9D328161ADB048C00B6E197 /* CoreLocation.framework */ = {isa = PBXFileReference; lastKnownFileType = wrapper.framework; name = CoreLocation.framework; path = System/Library/Frameworks/CoreLocation.framework; sourceTree = SDKROOT; };
/* End PBXFileReference section */

/* Begin PBXFrameworksBuildPhase section */
		152C608A1AD9CB680007926C /* Frameworks */ = {
			isa = PBXFrameworksBuildPhase;
			buildActionMask = 2147483647;
			files = (
				F94303C21ADB27CE0060B825 /* CoreMotion.framework in Frameworks */,
				F9D328171ADB048C00B6E197 /* CoreLocation.framework in Frameworks */,
				F9D328151ADAE8F200B6E197 /* QuartzCore.framework in Frameworks */,
				F9D328131ADAE8E900B6E197 /* MobileCoreServices.framework in Frameworks */,
				F9D328111ADAE8E000B6E197 /* MediaPlayer.framework in Frameworks */,
				F9D3280F1ADAE8DA00B6E197 /* CoreMedia.framework in Frameworks */,
				F9D3280D1ADAE8D300B6E197 /* AssetsLibrary.framework in Frameworks */,
				F9D3280B1ADAE7BA00B6E197 /* AVFoundation.framework in Frameworks */,
				15CEFB8E1ADA3CB900F9DA1E /* TwitterKit.framework in Frameworks */,
				15CEFB901ADA3CB900F9DA1E /* Fabric.framework in Frameworks */,
			);
			runOnlyForDeploymentPostprocessing = 0;
		};
		152C60A11AD9CB680007926C /* Frameworks */ = {
			isa = PBXFrameworksBuildPhase;
			buildActionMask = 2147483647;
			files = (
			);
			runOnlyForDeploymentPostprocessing = 0;
		};
/* End PBXFrameworksBuildPhase section */

/* Begin PBXGroup section */
		152C60841AD9CB680007926C = {
			isa = PBXGroup;
			children = (
				F94303C11ADB27CE0060B825 /* CoreMotion.framework */,
				F9D328161ADB048C00B6E197 /* CoreLocation.framework */,
				F9D328141ADAE8F200B6E197 /* QuartzCore.framework */,
				F9D328121ADAE8E900B6E197 /* MobileCoreServices.framework */,
				F9D328101ADAE8E000B6E197 /* MediaPlayer.framework */,
				F9D3280E1ADAE8DA00B6E197 /* CoreMedia.framework */,
				F9D3280C1ADAE8D300B6E197 /* AssetsLibrary.framework */,
				F9D3280A1ADAE7BA00B6E197 /* AVFoundation.framework */,
				15CEFB8B1ADA3CB900F9DA1E /* TwitterKit.framework */,
				15CEFB8C1ADA3CB900F9DA1E /* TwitterKitResources.bundle */,
				15CEFB8D1ADA3CB900F9DA1E /* Fabric.framework */,
				152C608F1AD9CB680007926C /* Transient Watch */,
				152C60A71AD9CB680007926C /* Transient WatchTests */,
				152C608E1AD9CB680007926C /* Products */,
			);
			sourceTree = "<group>";
		};
		152C608E1AD9CB680007926C /* Products */ = {
			isa = PBXGroup;
			children = (
				152C608D1AD9CB680007926C /* Transient Watch.app */,
				152C60A41AD9CB680007926C /* Transient WatchTests.xctest */,
			);
			name = Products;
			sourceTree = "<group>";
		};
		152C608F1AD9CB680007926C /* Transient Watch */ = {
			isa = PBXGroup;
			children = (
				153B2F771AD9F8D5005BE12A /* View Controllers */,
				152C60921AD9CB680007926C /* AppDelegate.swift */,
				152C60981AD9CB680007926C /* Main.storyboard */,
				152C609B1AD9CB680007926C /* Images.xcassets */,
				152C609D1AD9CB680007926C /* LaunchScreen.xib */,
				152C60901AD9CB680007926C /* Supporting Files */,
			);
			path = "Transient Watch";
			sourceTree = "<group>";
		};
		152C60901AD9CB680007926C /* Supporting Files */ = {
			isa = PBXGroup;
			children = (
				152C60911AD9CB680007926C /* Info.plist */,
			);
			name = "Supporting Files";
			sourceTree = "<group>";
		};
		152C60A71AD9CB680007926C /* Transient WatchTests */ = {
			isa = PBXGroup;
			children = (
				152C60AA1AD9CB680007926C /* Transient_WatchTests.swift */,
				152C60A81AD9CB680007926C /* Supporting Files */,
			);
			path = "Transient WatchTests";
			sourceTree = "<group>";
		};
		152C60A81AD9CB680007926C /* Supporting Files */ = {
			isa = PBXGroup;
			children = (
				152C60A91AD9CB680007926C /* Info.plist */,
			);
			name = "Supporting Files";
			sourceTree = "<group>";
		};
		153B2F771AD9F8D5005BE12A /* View Controllers */ = {
			isa = PBXGroup;
			children = (
				153B2F751AD9F8D0005BE12A /* ViewController_News.swift */,
				153B2F781AD9F8EC005BE12A /* ViewController_Info.swift */,
				153B2F7A1AD9F8FA005BE12A /* ViewController_SkyMap.swift */,
				153B2F7C1AD9FAFA005BE12A /* ViewController_Events.swift */,
			);
			name = "View Controllers";
			sourceTree = "<group>";
		};
/* End PBXGroup section */

/* Begin PBXNativeTarget section */
		152C608C1AD9CB680007926C /* Transient Watch */ = {
			isa = PBXNativeTarget;
			buildConfigurationList = 152C60AE1AD9CB680007926C /* Build configuration list for PBXNativeTarget "Transient Watch" */;
			buildPhases = (
				152C60891AD9CB680007926C /* Sources */,
				152C608A1AD9CB680007926C /* Frameworks */,
				152C608B1AD9CB680007926C /* Resources */,
			);
			buildRules = (
			);
			dependencies = (
			);
			name = "Transient Watch";
			productName = "Transient Watch";
			productReference = 152C608D1AD9CB680007926C /* Transient Watch.app */;
			productType = "com.apple.product-type.application";
		};
		152C60A31AD9CB680007926C /* Transient WatchTests */ = {
			isa = PBXNativeTarget;
			buildConfigurationList = 152C60B11AD9CB680007926C /* Build configuration list for PBXNativeTarget "Transient WatchTests" */;
			buildPhases = (
				152C60A01AD9CB680007926C /* Sources */,
				152C60A11AD9CB680007926C /* Frameworks */,
				152C60A21AD9CB680007926C /* Resources */,
			);
			buildRules = (
			);
			dependencies = (
				152C60A61AD9CB680007926C /* PBXTargetDependency */,
			);
			name = "Transient WatchTests";
			productName = "Transient WatchTests";
			productReference = 152C60A41AD9CB680007926C /* Transient WatchTests.xctest */;
			productType = "com.apple.product-type.bundle.unit-test";
		};
/* End PBXNativeTarget section */

/* Begin PBXProject section */
		152C60851AD9CB680007926C /* Project object */ = {
			isa = PBXProject;
			attributes = {
				LastUpgradeCheck = 0630;
				ORGANIZATIONNAME = "C Fairweather";
				TargetAttributes = {
					152C608C1AD9CB680007926C = {
						CreatedOnToolsVersion = 6.3;
						DevelopmentTeam = 3P32YFYN65;
					};
					152C60A31AD9CB680007926C = {
						CreatedOnToolsVersion = 6.3;
						TestTargetID = 152C608C1AD9CB680007926C;
					};
				};
			};
			buildConfigurationList = 152C60881AD9CB680007926C /* Build configuration list for PBXProject "Transient Watch" */;
			compatibilityVersion = "Xcode 3.2";
			developmentRegion = English;
			hasScannedForEncodings = 0;
			knownRegions = (
				en,
				Base,
			);
			mainGroup = 152C60841AD9CB680007926C;
			productRefGroup = 152C608E1AD9CB680007926C /* Products */;
			projectDirPath = "";
			projectRoot = "";
			targets = (
				152C608C1AD9CB680007926C /* Transient Watch */,
				152C60A31AD9CB680007926C /* Transient WatchTests */,
			);
		};
/* End PBXProject section */

/* Begin PBXResourcesBuildPhase section */
		152C608B1AD9CB680007926C /* Resources */ = {
			isa = PBXResourcesBuildPhase;
			buildActionMask = 2147483647;
			files = (
				15CEFB8F1ADA3CB900F9DA1E /* TwitterKitResources.bundle in Resources */,
				152C609A1AD9CB680007926C /* Main.storyboard in Resources */,
				152C609F1AD9CB680007926C /* LaunchScreen.xib in Resources */,
				152C609C1AD9CB680007926C /* Images.xcassets in Resources */,
			);
			runOnlyForDeploymentPostprocessing = 0;
		};
		152C60A21AD9CB680007926C /* Resources */ = {
			isa = PBXResourcesBuildPhase;
			buildActionMask = 2147483647;
			files = (
			);
			runOnlyForDeploymentPostprocessing = 0;
		};
/* End PBXResourcesBuildPhase section */

/* Begin PBXSourcesBuildPhase section */
		152C60891AD9CB680007926C /* Sources */ = {
			isa = PBXSourcesBuildPhase;
			buildActionMask = 2147483647;
			files = (
				153B2F791AD9F8EC005BE12A /* ViewController_Info.swift in Sources */,
				152C60931AD9CB680007926C /* AppDelegate.swift in Sources */,
				153B2F7D1AD9FAFA005BE12A /* ViewController_Events.swift in Sources */,
				153B2F761AD9F8D0005BE12A /* ViewController_News.swift in Sources */,
				153B2F7B1AD9F8FA005BE12A /* ViewController_SkyMap.swift in Sources */,
			);
			runOnlyForDeploymentPostprocessing = 0;
		};
		152C60A01AD9CB680007926C /* Sources */ = {
			isa = PBXSourcesBuildPhase;
			buildActionMask = 2147483647;
			files = (
				152C60AB1AD9CB680007926C /* Transient_WatchTests.swift in Sources */,
			);
			runOnlyForDeploymentPostprocessing = 0;
		};
/* End PBXSourcesBuildPhase section */

/* Begin PBXTargetDependency section */
		152C60A61AD9CB680007926C /* PBXTargetDependency */ = {
			isa = PBXTargetDependency;
			target = 152C608C1AD9CB680007926C /* Transient Watch */;
			targetProxy = 152C60A51AD9CB680007926C /* PBXContainerItemProxy */;
		};
/* End PBXTargetDependency section */

/* Begin PBXVariantGroup section */
		152C60981AD9CB680007926C /* Main.storyboard */ = {
			isa = PBXVariantGroup;
			children = (
				152C60991AD9CB680007926C /* Base */,
			);
			name = Main.storyboard;
			sourceTree = "<group>";
		};
		152C609D1AD9CB680007926C /* LaunchScreen.xib */ = {
			isa = PBXVariantGroup;
			children = (
				152C609E1AD9CB680007926C /* Base */,
			);
			name = LaunchScreen.xib;
			sourceTree = "<group>";
		};
/* End PBXVariantGroup section */

/* Begin XCBuildConfiguration section */
		152C60AC1AD9CB680007926C /* Debug */ = {
			isa = XCBuildConfiguration;
			buildSettings = {
				ALWAYS_SEARCH_USER_PATHS = NO;
				CLANG_CXX_LANGUAGE_STANDARD = "gnu++0x";
				CLANG_CXX_LIBRARY = "libc++";
				CLANG_ENABLE_MODULES = YES;
				CLANG_ENABLE_OBJC_ARC = YES;
				CLANG_WARN_BOOL_CONVERSION = YES;
				CLANG_WARN_CONSTANT_CONVERSION = YES;
				CLANG_WARN_DIRECT_OBJC_ISA_USAGE = YES_ERROR;
				CLANG_WARN_EMPTY_BODY = YES;
				CLANG_WARN_ENUM_CONVERSION = YES;
				CLANG_WARN_INT_CONVERSION = YES;
				CLANG_WARN_OBJC_ROOT_CLASS = YES_ERROR;
				CLANG_WARN_UNREACHABLE_CODE = YES;
				CLANG_WARN__DUPLICATE_METHOD_MATCH = YES;
				"CODE_SIGN_IDENTITY[sdk=iphoneos*]" = "iPhone Developer";
				COPY_PHASE_STRIP = NO;
				DEBUG_INFORMATION_FORMAT = "dwarf-with-dsym";
				ENABLE_STRICT_OBJC_MSGSEND = YES;
				GCC_C_LANGUAGE_STANDARD = gnu99;
				GCC_DYNAMIC_NO_PIC = NO;
				GCC_NO_COMMON_BLOCKS = YES;
				GCC_OPTIMIZATION_LEVEL = 0;
				GCC_PREPROCESSOR_DEFINITIONS = (
					"DEBUG=1",
					"$(inherited)",
				);
				GCC_SYMBOLS_PRIVATE_EXTERN = NO;
				GCC_WARN_64_TO_32_BIT_CONVERSION = YES;
				GCC_WARN_ABOUT_RETURN_TYPE = YES_ERROR;
				GCC_WARN_UNDECLARED_SELECTOR = YES;
				GCC_WARN_UNINITIALIZED_AUTOS = YES_AGGRESSIVE;
				GCC_WARN_UNUSED_FUNCTION = YES;
				GCC_WARN_UNUSED_VARIABLE = YES;
				IPHONEOS_DEPLOYMENT_TARGET = 8.3;
				MTL_ENABLE_DEBUG_INFO = YES;
				ONLY_ACTIVE_ARCH = YES;
				SDKROOT = iphoneos;
				SWIFT_OPTIMIZATION_LEVEL = "-Onone";
			};
			name = Debug;
		};
		152C60AD1AD9CB680007926C /* Release */ = {
			isa = XCBuildConfiguration;
			buildSettings = {
				ALWAYS_SEARCH_USER_PATHS = NO;
				CLANG_CXX_LANGUAGE_STANDARD = "gnu++0x";
				CLANG_CXX_LIBRARY = "libc++";
				CLANG_ENABLE_MODULES = YES;
				CLANG_ENABLE_OBJC_ARC = YES;
				CLANG_WARN_BOOL_CONVERSION = YES;
				CLANG_WARN_CONSTANT_CONVERSION = YES;
				CLANG_WARN_DIRECT_OBJC_ISA_USAGE = YES_ERROR;
				CLANG_WARN_EMPTY_BODY = YES;
				CLANG_WARN_ENUM_CONVERSION = YES;
				CLANG_WARN_INT_CONVERSION = YES;
				CLANG_WARN_OBJC_ROOT_CLASS = YES_ERROR;
				CLANG_WARN_UNREACHABLE_CODE = YES;
				CLANG_WARN__DUPLICATE_METHOD_MATCH = YES;
				"CODE_SIGN_IDENTITY[sdk=iphoneos*]" = "iPhone Developer";
				COPY_PHASE_STRIP = NO;
				DEBUG_INFORMATION_FORMAT = "dwarf-with-dsym";
				ENABLE_NS_ASSERTIONS = NO;
				ENABLE_STRICT_OBJC_MSGSEND = YES;
				GCC_C_LANGUAGE_STANDARD = gnu99;
				GCC_NO_COMMON_BLOCKS = YES;
				GCC_WARN_64_TO_32_BIT_CONVERSION = YES;
				GCC_WARN_ABOUT_RETURN_TYPE = YES_ERROR;
				GCC_WARN_UNDECLARED_SELECTOR = YES;
				GCC_WARN_UNINITIALIZED_AUTOS = YES_AGGRESSIVE;
				GCC_WARN_UNUSED_FUNCTION = YES;
				GCC_WARN_UNUSED_VARIABLE = YES;
				IPHONEOS_DEPLOYMENT_TARGET = 8.3;
				MTL_ENABLE_DEBUG_INFO = NO;
				SDKROOT = iphoneos;
				VALIDATE_PRODUCT = YES;
			};
			name = Release;
		};
		152C60AF1AD9CB680007926C /* Debug */ = {
			isa = XCBuildConfiguration;
			buildSettings = {
				ASSETCATALOG_COMPILER_APPICON_NAME = AppIcon;
				CODE_SIGN_IDENTITY = "iPhone Developer";
				FRAMEWORK_SEARCH_PATHS = (
					"$(inherited)",
					"$(PROJECT_DIR)",
				);
				INFOPLIST_FILE = "Transient Watch/Info.plist";
				LD_RUNPATH_SEARCH_PATHS = "$(inherited) @executable_path/Frameworks";
				PRODUCT_NAME = "$(TARGET_NAME)";
				TARGETED_DEVICE_FAMILY = 1;
			};
			name = Debug;
		};
		152C60B01AD9CB680007926C /* Release */ = {
			isa = XCBuildConfiguration;
			buildSettings = {
				ASSETCATALOG_COMPILER_APPICON_NAME = AppIcon;
				CODE_SIGN_IDENTITY = "iPhone Developer";
				FRAMEWORK_SEARCH_PATHS = (
					"$(inherited)",
					"$(PROJECT_DIR)",
				);
				INFOPLIST_FILE = "Transient Watch/Info.plist";
				LD_RUNPATH_SEARCH_PATHS = "$(inherited) @executable_path/Frameworks";
				PRODUCT_NAME = "$(TARGET_NAME)";
				TARGETED_DEVICE_FAMILY = 1;
			};
			name = Release;
		};
		152C60B21AD9CB680007926C /* Debug */ = {
			isa = XCBuildConfiguration;
			buildSettings = {
				BUNDLE_LOADER = "$(TEST_HOST)";
				FRAMEWORK_SEARCH_PATHS = (
					"$(SDKROOT)/Developer/Library/Frameworks",
					"$(inherited)",
				);
				GCC_PREPROCESSOR_DEFINITIONS = (
					"DEBUG=1",
					"$(inherited)",
				);
				INFOPLIST_FILE = "Transient WatchTests/Info.plist";
				LD_RUNPATH_SEARCH_PATHS = "$(inherited) @executable_path/Frameworks @loader_path/Frameworks";
				PRODUCT_NAME = "$(TARGET_NAME)";
				TEST_HOST = "$(BUILT_PRODUCTS_DIR)/Transient Watch.app/Transient Watch";
			};
			name = Debug;
		};
		152C60B31AD9CB680007926C /* Release */ = {
			isa = XCBuildConfiguration;
			buildSettings = {
				BUNDLE_LOADER = "$(TEST_HOST)";
				FRAMEWORK_SEARCH_PATHS = (
					"$(SDKROOT)/Developer/Library/Frameworks",
					"$(inherited)",
				);
				INFOPLIST_FILE = "Transient WatchTests/Info.plist";
				LD_RUNPATH_SEARCH_PATHS = "$(inherited) @executable_path/Frameworks @loader_path/Frameworks";
				PRODUCT_NAME = "$(TARGET_NAME)";
				TEST_HOST = "$(BUILT_PRODUCTS_DIR)/Transient Watch.app/Transient Watch";
			};
			name = Release;
		};
/* End XCBuildConfiguration section */

/* Begin XCConfigurationList section */
		152C60881AD9CB680007926C /* Build configuration list for PBXProject "Transient Watch" */ = {
			isa = XCConfigurationList;
			buildConfigurations = (
				152C60AC1AD9CB680007926C /* Debug */,
				152C60AD1AD9CB680007926C /* Release */,
			);
			defaultConfigurationIsVisible = 0;
			defaultConfigurationName = Release;
		};
		152C60AE1AD9CB680007926C /* Build configuration list for PBXNativeTarget "Transient Watch" */ = {
			isa = XCConfigurationList;
			buildConfigurations = (
				152C60AF1AD9CB680007926C /* Debug */,
				152C60B01AD9CB680007926C /* Release */,
			);
			defaultConfigurationIsVisible = 0;
			defaultConfigurationName = Release;
		};
		152C60B11AD9CB680007926C /* Build configuration list for PBXNativeTarget "Transient WatchTests" */ = {
			isa = XCConfigurationList;
			buildConfigurations = (
				152C60B21AD9CB680007926C /* Debug */,
				152C60B31AD9CB680007926C /* Release */,
			);
			defaultConfigurationIsVisible = 0;
			defaultConfigurationName = Release;
		};
/* End XCConfigurationList section */
	};
	rootObject = 152C60851AD9CB680007926C /* Project object */;
}
